
Microsoft Visual Studio Solution File, Format Version 12.00
# Visual Studio Version 16
VisualStudioVersion = 16.0.31424.327
MinimumVisualStudioVersion = 10.0.40219.1
Project("{FAE04EC0-301F-11D3-BF4B-00C04F79EFBC}") = "Ejercicio1Guia2-MM200149", "Ejercicio1Guia2-MM200149.csproj", "{F2F14E96-023C-429E-9136-AD921DB872B3}"
EndProject
Global
	GlobalSection(SolutionConfigurationPlatforms) = preSolution
		Debug|Any CPU = Debug|Any CPU
		Release|Any CPU = Release|Any CPU
	EndGlobalSection
	GlobalSection(ProjectConfigurationPlatforms) = postSolution
		{F2F14E96-023C-429E-9136-AD921DB872B3}.Debug|Any CPU.ActiveCfg = Debug|Any CPU
		{F2F14E96-023C-429E-9136-AD921DB872B3}.Debug|Any CPU.Build.0 = Debug|Any CPU
		{F2F14E96-023C-429E-9136-AD921DB872B3}.Release|Any CPU.ActiveCfg = Release|Any CPU
		{F2F14E96-023C-429E-9136-AD921DB872B3}.Release|Any CPU.Build.0 = Release|Any CPU
	EndGlobalSection
	GlobalSection(SolutionProperties) = preSolution
		HideSolutionNode = FALSE
	EndGlobalSection
	GlobalSection(ExtensibilityGlobals) = postSolution
		SolutionGuid = {E895A162-181C-4FBF-86B7-8F38EFCBCBD6}
	EndGlobalSection
EndGlobal
